
Microsoft Visual Studio Solution File, Format Version 12.00
# Visual Studio Version 17
VisualStudioVersion = 17.0.32112.339
MinimumVisualStudioVersion = 10.0.40219.1
Project("{9A19103F-16F7-4668-BE54-9A1E7A4F7556}") = "AddieSoft", "AddieSoft\AddieSoft.csproj", "{FDD579EC-6CF6-498D-9B23-DF2A48BDDD8B}"
EndProject
Project("{FAE04EC0-301F-11D3-BF4B-00C04F79EFBC}") = "AddieSoft.Membership", "AddieSoft.Membership\AddieSoft.Membership.csproj", "{90C96994-C921-4D52-8842-3CFB7596D6E7}"
EndProject
Global
	GlobalSection(SolutionConfigurationPlatforms) = preSolution
		Debug|Any CPU = Debug|Any CPU
		Release|Any CPU = Release|Any CPU
	EndGlobalSection
	GlobalSection(ProjectConfigurationPlatforms) = postSolution
		{FDD579EC-6CF6-498D-9B23-DF2A48BDDD8B}.Debug|Any CPU.ActiveCfg = Debug|Any CPU
		{FDD579EC-6CF6-498D-9B23-DF2A48BDDD8B}.Debug|Any CPU.Build.0 = Debug|Any CPU
		{FDD579EC-6CF6-498D-9B23-DF2A48BDDD8B}.Release|Any CPU.ActiveCfg = Release|Any CPU
		{FDD579EC-6CF6-498D-9B23-DF2A48BDDD8B}.Release|Any CPU.Build.0 = Release|Any CPU
		{90C96994-C921-4D52-8842-3CFB7596D6E7}.Debug|Any CPU.ActiveCfg = Debug|Any CPU
		{90C96994-C921-4D52-8842-3CFB7596D6E7}.Debug|Any CPU.Build.0 = Debug|Any CPU
		{90C96994-C921-4D52-8842-3CFB7596D6E7}.Release|Any CPU.ActiveCfg = Release|Any CPU
		{90C96994-C921-4D52-8842-3CFB7596D6E7}.Release|Any CPU.Build.0 = Release|Any CPU
	EndGlobalSection
	GlobalSection(SolutionProperties) = preSolution
		HideSolutionNode = FALSE
	EndGlobalSection
	GlobalSection(ExtensibilityGlobals) = postSolution
		SolutionGuid = {669F799A-5F48-4044-8B30-1B2D605E670B}
	EndGlobalSection
EndGlobal
